
Microsoft Visual Studio Solution File, Format Version 12.00
# Visual Studio Version 16
VisualStudioVersion = 16.0.30717.126
MinimumVisualStudioVersion = 10.0.40219.1
Project("{FAE04EC0-301F-11D3-BF4B-00C04F79EFBC}") = "Inventory.WPF", "Inventory.WPF.csproj", "{009334B7-0001-4DE6-B1D7-0E6B68B6C39A}"
EndProject
Global
	GlobalSection(SolutionConfigurationPlatforms) = preSolution
		Debug|Any CPU = Debug|Any CPU
		Release|Any CPU = Release|Any CPU
	EndGlobalSection
	GlobalSection(ProjectConfigurationPlatforms) = postSolution
		{009334B7-0001-4DE6-B1D7-0E6B68B6C39A}.Debug|Any CPU.ActiveCfg = Debug|Any CPU
		{009334B7-0001-4DE6-B1D7-0E6B68B6C39A}.Debug|Any CPU.Build.0 = Debug|Any CPU
		{009334B7-0001-4DE6-B1D7-0E6B68B6C39A}.Release|Any CPU.ActiveCfg = Release|Any CPU
		{009334B7-0001-4DE6-B1D7-0E6B68B6C39A}.Release|Any CPU.Build.0 = Release|Any CPU
	EndGlobalSection
	GlobalSection(SolutionProperties) = preSolution
		HideSolutionNode = FALSE
	EndGlobalSection
	GlobalSection(ExtensibilityGlobals) = postSolution
		SolutionGuid = {D4EDB572-5C34-445E-AE40-CA2973F8FCA6}
	EndGlobalSection
EndGlobal
